// !$*UTF8*$!
{
	archiveVersion = 1;
	classes = {
	};
	objectVersion = 55;
	objects = {

/* Begin PBXBuildFile section */
		196D39F3DFEE122CADD2C623 /* Pods_Parstagram2.framework in Frameworks */ = {isa = PBXBuildFile; fileRef = D72F901077B3D0B12584F6B4 /* Pods_Parstagram2.framework */; };
		8C0BF96527EEDB750072C33C /* AppDelegate.swift in Sources */ = {isa = PBXBuildFile; fileRef = 8C0BF96427EEDB750072C33C /* AppDelegate.swift */; };
		8C0BF96727EEDB750072C33C /* SceneDelegate.swift in Sources */ = {isa = PBXBuildFile; fileRef = 8C0BF96627EEDB750072C33C /* SceneDelegate.swift */; };
		8C0BF96C27EEDB750072C33C /* Main.storyboard in Resources */ = {isa = PBXBuildFile; fileRef = 8C0BF96A27EEDB750072C33C /* Main.storyboard */; };
		8C0BF96E27EEDB770072C33C /* Assets.xcassets in Resources */ = {isa = PBXBuildFile; fileRef = 8C0BF96D27EEDB770072C33C /* Assets.xcassets */; };
		8C0BF97127EEDB770072C33C /* LaunchScreen.storyboard in Resources */ = {isa = PBXBuildFile; fileRef = 8C0BF96F27EEDB770072C33C /* LaunchScreen.storyboard */; };
		8C0BF97C27EEDB780072C33C /* Parstagram2Tests.swift in Sources */ = {isa = PBXBuildFile; fileRef = 8C0BF97B27EEDB780072C33C /* Parstagram2Tests.swift */; };
		8C0BF98627EEDB780072C33C /* Parstagram2UITests.swift in Sources */ = {isa = PBXBuildFile; fileRef = 8C0BF98527EEDB780072C33C /* Parstagram2UITests.swift */; };
		8C0BF98827EEDB780072C33C /* Parstagram2UITestsLaunchTests.swift in Sources */ = {isa = PBXBuildFile; fileRef = 8C0BF98727EEDB780072C33C /* Parstagram2UITestsLaunchTests.swift */; };
		8C39134027EEE4E900CADAA9 /* LoginViewController.swift in Sources */ = {isa = PBXBuildFile; fileRef = 8C39133F27EEE4E900CADAA9 /* LoginViewController.swift */; };
		8C39134227EEE50400CADAA9 /* FeedViewController.swift in Sources */ = {isa = PBXBuildFile; fileRef = 8C39134127EEE50400CADAA9 /* FeedViewController.swift */; };
		8CE0E8F927EEED5900BCD7FD /* CameraViewController.swift in Sources */ = {isa = PBXBuildFile; fileRef = 8CE0E8F827EEED5900BCD7FD /* CameraViewController.swift */; };
		B0F61B9599AD669F9B688AF8 /* Pods_Parstagram2_Parstagram2UITests.framework in Frameworks */ = {isa = PBXBuildFile; fileRef = DC6C8960ECCB841797BD8F2F /* Pods_Parstagram2_Parstagram2UITests.framework */; };
		DEDB37FCE3D9BC620633A58F /* Pods_Parstagram2Tests.framework in Frameworks */ = {isa = PBXBuildFile; fileRef = BF69D2AD44A0BE0ADF3657FB /* Pods_Parstagram2Tests.framework */; };
/* End PBXBuildFile section */

/* Begin PBXContainerItemProxy section */
		8C0BF97827EEDB780072C33C /* PBXContainerItemProxy */ = {
			isa = PBXContainerItemProxy;
			containerPortal = 8C0BF95927EEDB750072C33C /* Project object */;
			proxyType = 1;
			remoteGlobalIDString = 8C0BF96027EEDB750072C33C;
			remoteInfo = Parstagram2;
		};
		8C0BF98227EEDB780072C33C /* PBXContainerItemProxy */ = {
			isa = PBXContainerItemProxy;
			containerPortal = 8C0BF95927EEDB750072C33C /* Project object */;
			proxyType = 1;
			remoteGlobalIDString = 8C0BF96027EEDB750072C33C;
			remoteInfo = Parstagram2;
		};
/* End PBXContainerItemProxy section */

/* Begin PBXFileReference section */
		3FE51C42BBD68B3CEA17C8E9 /* Pods-Parstagram2.release.xcconfig */ = {isa = PBXFileReference; includeInIndex = 1; lastKnownFileType = text.xcconfig; name = "Pods-Parstagram2.release.xcconfig"; path = "Target Support Files/Pods-Parstagram2/Pods-Parstagram2.release.xcconfig"; sourceTree = "<group>"; };
		535C4E71E125AC7B3C590543 /* Pods-Parstagram2.debug.xcconfig */ = {isa = PBXFileReference; includeInIndex = 1; lastKnownFileType = text.xcconfig; name = "Pods-Parstagram2.debug.xcconfig"; path = "Target Support Files/Pods-Parstagram2/Pods-Parstagram2.debug.xcconfig"; sourceTree = "<group>"; };
		620DF4E08D616263A84AEF82 /* Pods-Parstagram2-Parstagram2UITests.release.xcconfig */ = {isa = PBXFileReference; includeInIndex = 1; lastKnownFileType = text.xcconfig; name = "Pods-Parstagram2-Parstagram2UITests.release.xcconfig"; path = "Target Support Files/Pods-Parstagram2-Parstagram2UITests/Pods-Parstagram2-Parstagram2UITests.release.xcconfig"; sourceTree = "<group>"; };
		8C0BF96127EEDB750072C33C /* Parstagram2.app */ = {isa = PBXFileReference; explicitFileType = wrapper.application; includeInIndex = 0; path = Parstagram2.app; sourceTree = BUILT_PRODUCTS_DIR; };
		8C0BF96427EEDB750072C33C /* AppDelegate.swift */ = {isa = PBXFileReference; lastKnownFileType = sourcecode.swift; path = AppDelegate.swift; sourceTree = "<group>"; };
		8C0BF96627EEDB750072C33C /* SceneDelegate.swift */ = {isa = PBXFileReference; lastKnownFileType = sourcecode.swift; path = SceneDelegate.swift; sourceTree = "<group>"; };
		8C0BF96B27EEDB750072C33C /* Base */ = {isa = PBXFileReference; lastKnownFileType = file.storyboard; name = Base; path = Base.lproj/Main.storyboard; sourceTree = "<group>"; };
		8C0BF96D27EEDB770072C33C /* Assets.xcassets */ = {isa = PBXFileReference; lastKnownFileType = folder.assetcatalog; path = Assets.xcassets; sourceTree = "<group>"; };
		8C0BF97027EEDB770072C33C /* Base */ = {isa = PBXFileReference; lastKnownFileType = file.storyboard; name = Base; path = Base.lproj/LaunchScreen.storyboard; sourceTree = "<group>"; };
		8C0BF97227EEDB770072C33C /* Info.plist */ = {isa = PBXFileReference; lastKnownFileType = text.plist.xml; path = Info.plist; sourceTree = "<group>"; };
		8C0BF97727EEDB780072C33C /* Parstagram2Tests.xctest */ = {isa = PBXFileReference; explicitFileType = wrapper.cfbundle; includeInIndex = 0; path = Parstagram2Tests.xctest; sourceTree = BUILT_PRODUCTS_DIR; };
		8C0BF97B27EEDB780072C33C /* Parstagram2Tests.swift */ = {isa = PBXFileReference; lastKnownFileType = sourcecode.swift; path = Parstagram2Tests.swift; sourceTree = "<group>"; };
		8C0BF98127EEDB780072C33C /* Parstagram2UITests.xctest */ = {isa = PBXFileReference; explicitFileType = wrapper.cfbundle; includeInIndex = 0; path = Parstagram2UITests.xctest; sourceTree = BUILT_PRODUCTS_DIR; };
		8C0BF98527EEDB780072C33C /* Parstagram2UITests.swift */ = {isa = PBXFileReference; lastKnownFileType = sourcecode.swift; path = Parstagram2UITests.swift; sourceTree = "<group>"; };
		8C0BF98727EEDB780072C33C /* Parstagram2UITestsLaunchTests.swift */ = {isa = PBXFileReference; lastKnownFileType = sourcecode.swift; path = Parstagram2UITestsLaunchTests.swift; sourceTree = "<group>"; };
		8C39133F27EEE4E900CADAA9 /* LoginViewController.swift */ = {isa = PBXFileReference; lastKnownFileType = sourcecode.swift; path = LoginViewController.swift; sourceTree = "<group>"; };
		8C39134127EEE50400CADAA9 /* FeedViewController.swift */ = {isa = PBXFileReference; lastKnownFileType = sourcecode.swift; path = FeedViewController.swift; sourceTree = "<group>"; };
		8CC9D54327EEF2DA005F531F /* README.md */ = {isa = PBXFileReference; lastKnownFileType = net.daringfireball.markdown; path = README.md; sourceTree = "<group>"; };
		8CE0E8F827EEED5900BCD7FD /* CameraViewController.swift */ = {isa = PBXFileReference; lastKnownFileType = sourcecode.swift; path = CameraViewController.swift; sourceTree = "<group>"; };
		A4E5DD74B195D1A5A6D2AB92 /* Pods-Parstagram2Tests.release.xcconfig */ = {isa = PBXFileReference; includeInIndex = 1; lastKnownFileType = text.xcconfig; name = "Pods-Parstagram2Tests.release.xcconfig"; path = "Target Support Files/Pods-Parstagram2Tests/Pods-Parstagram2Tests.release.xcconfig"; sourceTree = "<group>"; };
		BF69D2AD44A0BE0ADF3657FB /* Pods_Parstagram2Tests.framework */ = {isa = PBXFileReference; explicitFileType = wrapper.framework; includeInIndex = 0; path = Pods_Parstagram2Tests.framework; sourceTree = BUILT_PRODUCTS_DIR; };
		D72F901077B3D0B12584F6B4 /* Pods_Parstagram2.framework */ = {isa = PBXFileReference; explicitFileType = wrapper.framework; includeInIndex = 0; path = Pods_Parstagram2.framework; sourceTree = BUILT_PRODUCTS_DIR; };
		DBDA3442809AF69CA6EC3BD7 /* Pods-Parstagram2-Parstagram2UITests.debug.xcconfig */ = {isa = PBXFileReference; includeInIndex = 1; lastKnownFileType = text.xcconfig; name = "Pods-Parstagram2-Parstagram2UITests.debug.xcconfig"; path = "Target Support Files/Pods-Parstagram2-Parstagram2UITests/Pods-Parstagram2-Parstagram2UITests.debug.xcconfig"; sourceTree = "<group>"; };
		DC6C8960ECCB841797BD8F2F /* Pods_Parstagram2_Parstagram2UITests.framework */ = {isa = PBXFileReference; explicitFileType = wrapper.framework; includeInIndex = 0; path = Pods_Parstagram2_Parstagram2UITests.framework; sourceTree = BUILT_PRODUCTS_DIR; };
		F3DDD599A7C2BB39D9FA213F /* Pods-Parstagram2Tests.debug.xcconfig */ = {isa = PBXFileReference; includeInIndex = 1; lastKnownFileType = text.xcconfig; name = "Pods-Parstagram2Tests.debug.xcconfig"; path = "Target Support Files/Pods-Parstagram2Tests/Pods-Parstagram2Tests.debug.xcconfig"; sourceTree = "<group>"; };
/* End PBXFileReference section */

/* Begin PBXFrameworksBuildPhase section */
		8C0BF95E27EEDB750072C33C /* Frameworks */ = {
			isa = PBXFrameworksBuildPhase;
			buildActionMask = 2147483647;
			files = (
				196D39F3DFEE122CADD2C623 /* Pods_Parstagram2.framework in Frameworks */,
			);
			runOnlyForDeploymentPostprocessing = 0;
		};
		8C0BF97427EEDB780072C33C /* Frameworks */ = {
			isa = PBXFrameworksBuildPhase;
			buildActionMask = 2147483647;
			files = (
				DEDB37FCE3D9BC620633A58F /* Pods_Parstagram2Tests.framework in Frameworks */,
			);
			runOnlyForDeploymentPostprocessing = 0;
		};
		8C0BF97E27EEDB780072C33C /* Frameworks */ = {
			isa = PBXFrameworksBuildPhase;
			buildActionMask = 2147483647;
			files = (
				B0F61B9599AD669F9B688AF8 /* Pods_Parstagram2_Parstagram2UITests.framework in Frameworks */,
			);
			runOnlyForDeploymentPostprocessing = 0;
		};
/* End PBXFrameworksBuildPhase section */

/* Begin PBXGroup section */
		2DC8FD7CA4DE8D734AEDF7F9 /* Frameworks */ = {
			isa = PBXGroup;
			children = (
				D72F901077B3D0B12584F6B4 /* Pods_Parstagram2.framework */,
				DC6C8960ECCB841797BD8F2F /* Pods_Parstagram2_Parstagram2UITests.framework */,
				BF69D2AD44A0BE0ADF3657FB /* Pods_Parstagram2Tests.framework */,
			);
			name = Frameworks;
			sourceTree = "<group>";
		};
		5D673D72AD7E857C0ADBD447 /* Pods */ = {
			isa = PBXGroup;
			children = (
				535C4E71E125AC7B3C590543 /* Pods-Parstagram2.debug.xcconfig */,
				3FE51C42BBD68B3CEA17C8E9 /* Pods-Parstagram2.release.xcconfig */,
				DBDA3442809AF69CA6EC3BD7 /* Pods-Parstagram2-Parstagram2UITests.debug.xcconfig */,
				620DF4E08D616263A84AEF82 /* Pods-Parstagram2-Parstagram2UITests.release.xcconfig */,
				F3DDD599A7C2BB39D9FA213F /* Pods-Parstagram2Tests.debug.xcconfig */,
				A4E5DD74B195D1A5A6D2AB92 /* Pods-Parstagram2Tests.release.xcconfig */,
			);
			path = Pods;
			sourceTree = "<group>";
		};
		8C0BF95827EEDB750072C33C = {
			isa = PBXGroup;
			children = (
				8C0BF96327EEDB750072C33C /* Parstagram2 */,
				8C0BF97A27EEDB780072C33C /* Parstagram2Tests */,
				8C0BF98427EEDB780072C33C /* Parstagram2UITests */,
				8C0BF96227EEDB750072C33C /* Products */,
				5D673D72AD7E857C0ADBD447 /* Pods */,
				2DC8FD7CA4DE8D734AEDF7F9 /* Frameworks */,
			);
			sourceTree = "<group>";
		};
		8C0BF96227EEDB750072C33C /* Products */ = {
			isa = PBXGroup;
			children = (
				8C0BF96127EEDB750072C33C /* Parstagram2.app */,
				8C0BF97727EEDB780072C33C /* Parstagram2Tests.xctest */,
				8C0BF98127EEDB780072C33C /* Parstagram2UITests.xctest */,
			);
			name = Products;
			sourceTree = "<group>";
		};
		8C0BF96327EEDB750072C33C /* Parstagram2 */ = {
			isa = PBXGroup;
			children = (
				8C0BF96427EEDB750072C33C /* AppDelegate.swift */,
				8C0BF96627EEDB750072C33C /* SceneDelegate.swift */,
				8C39133F27EEE4E900CADAA9 /* LoginViewController.swift */,
				8C39134127EEE50400CADAA9 /* FeedViewController.swift */,
				8C0BF96A27EEDB750072C33C /* Main.storyboard */,
				8CC9D54327EEF2DA005F531F /* README.md */,
				8CE0E8F827EEED5900BCD7FD /* CameraViewController.swift */,
				8C0BF96F27EEDB770072C33C /* LaunchScreen.storyboard */,
				8C0BF96D27EEDB770072C33C /* Assets.xcassets */,
				8C0BF97227EEDB770072C33C /* Info.plist */,
			);
			path = Parstagram2;
			sourceTree = "<group>";
		};
		8C0BF97A27EEDB780072C33C /* Parstagram2Tests */ = {
			isa = PBXGroup;
			children = (
				8C0BF97B27EEDB780072C33C /* Parstagram2Tests.swift */,
			);
			path = Parstagram2Tests;
			sourceTree = "<group>";
		};
		8C0BF98427EEDB780072C33C /* Parstagram2UITests */ = {
			isa = PBXGroup;
			children = (
				8C0BF98527EEDB780072C33C /* Parstagram2UITests.swift */,
				8C0BF98727EEDB780072C33C /* Parstagram2UITestsLaunchTests.swift */,
			);
			path = Parstagram2UITests;
			sourceTree = "<group>";
		};
/* End PBXGroup section */

/* Begin PBXNativeTarget section */
		8C0BF96027EEDB750072C33C /* Parstagram2 */ = {
			isa = PBXNativeTarget;
			buildConfigurationList = 8C0BF98B27EEDB780072C33C /* Build configuration list for PBXNativeTarget "Parstagram2" */;
			buildPhases = (
				364AAA9B4514DAA9896EACF9 /* [CP] Check Pods Manifest.lock */,
				8C0BF95D27EEDB750072C33C /* Sources */,
				8C0BF95E27EEDB750072C33C /* Frameworks */,
				8C0BF95F27EEDB750072C33C /* Resources */,
				673725B93B269E753CC68082 /* [CP] Embed Pods Frameworks */,
			);
			buildRules = (
			);
			dependencies = (
			);
			name = Parstagram2;
			productName = Parstagram2;
			productReference = 8C0BF96127EEDB750072C33C /* Parstagram2.app */;
			productType = "com.apple.product-type.application";
		};
		8C0BF97627EEDB780072C33C /* Parstagram2Tests */ = {
			isa = PBXNativeTarget;
			buildConfigurationList = 8C0BF98E27EEDB780072C33C /* Build configuration list for PBXNativeTarget "Parstagram2Tests" */;
			buildPhases = (
				968CA28443D50D38920F2EF7 /* [CP] Check Pods Manifest.lock */,
				8C0BF97327EEDB780072C33C /* Sources */,
				8C0BF97427EEDB780072C33C /* Frameworks */,
				8C0BF97527EEDB780072C33C /* Resources */,
			);
			buildRules = (
			);
			dependencies = (
				8C0BF97927EEDB780072C33C /* PBXTargetDependency */,
			);
			name = Parstagram2Tests;
			productName = Parstagram2Tests;
			productReference = 8C0BF97727EEDB780072C33C /* Parstagram2Tests.xctest */;
			productType = "com.apple.product-type.bundle.unit-test";
		};
		8C0BF98027EEDB780072C33C /* Parstagram2UITests */ = {
			isa = PBXNativeTarget;
			buildConfigurationList = 8C0BF99127EEDB780072C33C /* Build configuration list for PBXNativeTarget "Parstagram2UITests" */;
			buildPhases = (
				06AB0C618535A6868591D2B4 /* [CP] Check Pods Manifest.lock */,
				8C0BF97D27EEDB780072C33C /* Sources */,
				8C0BF97E27EEDB780072C33C /* Frameworks */,
				8C0BF97F27EEDB780072C33C /* Resources */,
				5101EB6F05AE849AA5FDBEAC /* [CP] Embed Pods Frameworks */,
			);
			buildRules = (
			);
			dependencies = (
				8C0BF98327EEDB780072C33C /* PBXTargetDependency */,
			);
			name = Parstagram2UITests;
			productName = Parstagram2UITests;
			productReference = 8C0BF98127EEDB780072C33C /* Parstagram2UITests.xctest */;
			productType = "com.apple.product-type.bundle.ui-testing";
		};
/* End PBXNativeTarget section */

/* Begin PBXProject section */
		8C0BF95927EEDB750072C33C /* Project object */ = {
			isa = PBXProject;
			attributes = {
				BuildIndependentTargetsInParallel = 1;
				LastSwiftUpdateCheck = 1330;
				LastUpgradeCheck = 1330;
				TargetAttributes = {
					8C0BF96027EEDB750072C33C = {
						CreatedOnToolsVersion = 13.3;
					};
					8C0BF97627EEDB780072C33C = {
						CreatedOnToolsVersion = 13.3;
						TestTargetID = 8C0BF96027EEDB750072C33C;
					};
					8C0BF98027EEDB780072C33C = {
						CreatedOnToolsVersion = 13.3;
						TestTargetID = 8C0BF96027EEDB750072C33C;
					};
				};
			};
			buildConfigurationList = 8C0BF95C27EEDB750072C33C /* Build configuration list for PBXProject "Parstagram2" */;
			compatibilityVersion = "Xcode 13.0";
			developmentRegion = en;
			hasScannedForEncodings = 0;
			knownRegions = (
				en,
				Base,
			);
			mainGroup = 8C0BF95827EEDB750072C33C;
			productRefGroup = 8C0BF96227EEDB750072C33C /* Products */;
			projectDirPath = "";
			projectRoot = "";
			targets = (
				8C0BF96027EEDB750072C33C /* Parstagram2 */,
				8C0BF97627EEDB780072C33C /* Parstagram2Tests */,
				8C0BF98027EEDB780072C33C /* Parstagram2UITests */,
			);
		};
/* End PBXProject section */

/* Begin PBXResourcesBuildPhase section */
		8C0BF95F27EEDB750072C33C /* Resources */ = {
			isa = PBXResourcesBuildPhase;
			buildActionMask = 2147483647;
			files = (
				8C0BF97127EEDB770072C33C /* LaunchScreen.storyboard in Resources */,
				8C0BF96E27EEDB770072C33C /* Assets.xcassets in Resources */,
				8C0BF96C27EEDB750072C33C /* Main.storyboard in Resources */,
			);
			runOnlyForDeploymentPostprocessing = 0;
		};
		8C0BF97527EEDB780072C33C /* Resources */ = {
			isa = PBXResourcesBuildPhase;
			buildActionMask = 2147483647;
			files = (
			);
			runOnlyForDeploymentPostprocessing = 0;
		};
		8C0BF97F27EEDB780072C33C /* Resources */ = {
			isa = PBXResourcesBuildPhase;
			buildActionMask = 2147483647;
			files = (
			);
			runOnlyForDeploymentPostprocessing = 0;
		};
/* End PBXResourcesBuildPhase section */

/* Begin PBXShellScriptBuildPhase section */
		06AB0C618535A6868591D2B4 /* [CP] Check Pods Manifest.lock */ = {
			isa = PBXShellScriptBuildPhase;
			buildActionMask = 2147483647;
			files = (
			);
			inputFileListPaths = (
			);
			inputPaths = (
				"${PODS_PODFILE_DIR_PATH}/Podfile.lock",
				"${PODS_ROOT}/Manifest.lock",
			);
			name = "[CP] Check Pods Manifest.lock";
			outputFileListPaths = (
			);
			outputPaths = (
				"$(DERIVED_FILE_DIR)/Pods-Parstagram2-Parstagram2UITests-checkManifestLockResult.txt",
			);
			runOnlyForDeploymentPostprocessing = 0;
			shellPath = /bin/sh;
			shellScript = "diff \"${PODS_PODFILE_DIR_PATH}/Podfile.lock\" \"${PODS_ROOT}/Manifest.lock\" > /dev/null\nif [ $? != 0 ] ; then\n    # print error to STDERR\n    echo \"error: The sandbox is not in sync with the Podfile.lock. Run 'pod install' or update your CocoaPods installation.\" >&2\n    exit 1\nfi\n# This output is used by Xcode 'outputs' to avoid re-running this script phase.\necho \"SUCCESS\" > \"${SCRIPT_OUTPUT_FILE_0}\"\n";
			showEnvVarsInLog = 0;
		};
		364AAA9B4514DAA9896EACF9 /* [CP] Check Pods Manifest.lock */ = {
			isa = PBXShellScriptBuildPhase;
			buildActionMask = 2147483647;
			files = (
			);
			inputFileListPaths = (
			);
			inputPaths = (
				"${PODS_PODFILE_DIR_PATH}/Podfile.lock",
				"${PODS_ROOT}/Manifest.lock",
			);
			name = "[CP] Check Pods Manifest.lock";
			outputFileListPaths = (
			);
			outputPaths = (
				"$(DERIVED_FILE_DIR)/Pods-Parstagram2-checkManifestLockResult.txt",
			);
			runOnlyForDeploymentPostprocessing = 0;
			shellPath = /bin/sh;
			shellScript = "diff \"${PODS_PODFILE_DIR_PATH}/Podfile.lock\" \"${PODS_ROOT}/Manifest.lock\" > /dev/null\nif [ $? != 0 ] ; then\n    # print error to STDERR\n    echo \"error: The sandbox is not in sync with the Podfile.lock. Run 'pod install' or update your CocoaPods installation.\" >&2\n    exit 1\nfi\n# This output is used by Xcode 'outputs' to avoid re-running this script phase.\necho \"SUCCESS\" > \"${SCRIPT_OUTPUT_FILE_0}\"\n";
			showEnvVarsInLog = 0;
		};
		5101EB6F05AE849AA5FDBEAC /* [CP] Embed Pods Frameworks */ = {
			isa = PBXShellScriptBuildPhase;
			buildActionMask = 2147483647;
			files = (
			);
			inputFileListPaths = (
				"${PODS_ROOT}/Target Support Files/Pods-Parstagram2-Parstagram2UITests/Pods-Parstagram2-Parstagram2UITests-frameworks-${CONFIGURATION}-input-files.xcfilelist",
			);
			name = "[CP] Embed Pods Frameworks";
			outputFileListPaths = (
				"${PODS_ROOT}/Target Support Files/Pods-Parstagram2-Parstagram2UITests/Pods-Parstagram2-Parstagram2UITests-frameworks-${CONFIGURATION}-output-files.xcfilelist",
			);
			runOnlyForDeploymentPostprocessing = 0;
			shellPath = /bin/sh;
			shellScript = "\"${PODS_ROOT}/Target Support Files/Pods-Parstagram2-Parstagram2UITests/Pods-Parstagram2-Parstagram2UITests-frameworks.sh\"\n";
			showEnvVarsInLog = 0;
		};
		673725B93B269E753CC68082 /* [CP] Embed Pods Frameworks */ = {
			isa = PBXShellScriptBuildPhase;
			buildActionMask = 2147483647;
			files = (
			);
			inputFileListPaths = (
				"${PODS_ROOT}/Target Support Files/Pods-Parstagram2/Pods-Parstagram2-frameworks-${CONFIGURATION}-input-files.xcfilelist",
			);
			name = "[CP] Embed Pods Frameworks";
			outputFileListPaths = (
				"${PODS_ROOT}/Target Support Files/Pods-Parstagram2/Pods-Parstagram2-frameworks-${CONFIGURATION}-output-files.xcfilelist",
			);
			runOnlyForDeploymentPostprocessing = 0;
			shellPath = /bin/sh;
			shellScript = "\"${PODS_ROOT}/Target Support Files/Pods-Parstagram2/Pods-Parstagram2-frameworks.sh\"\n";
			showEnvVarsInLog = 0;
		};
		968CA28443D50D38920F2EF7 /* [CP] Check Pods Manifest.lock */ = {
			isa = PBXShellScriptBuildPhase;
			buildActionMask = 2147483647;
			files = (
			);
			inputFileListPaths = (
			);
			inputPaths = (
				"${PODS_PODFILE_DIR_PATH}/Podfile.lock",
				"${PODS_ROOT}/Manifest.lock",
			);
			name = "[CP] Check Pods Manifest.lock";
			outputFileListPaths = (
			);
			outputPaths = (
				"$(DERIVED_FILE_DIR)/Pods-Parstagram2Tests-checkManifestLockResult.txt",
			);
			runOnlyForDeploymentPostprocessing = 0;
			shellPath = /bin/sh;
			shellScript = "diff \"${PODS_PODFILE_DIR_PATH}/Podfile.lock\" \"${PODS_ROOT}/Manifest.lock\" > /dev/null\nif [ $? != 0 ] ; then\n    # print error to STDERR\n    echo \"error: The sandbox is not in sync with the Podfile.lock. Run 'pod install' or update your CocoaPods installation.\" >&2\n    exit 1\nfi\n# This output is used by Xcode 'outputs' to avoid re-running this script phase.\necho \"SUCCESS\" > \"${SCRIPT_OUTPUT_FILE_0}\"\n";
			showEnvVarsInLog = 0;
		};
/* End PBXShellScriptBuildPhase section */

/* Begin PBXSourcesBuildPhase section */
		8C0BF95D27EEDB750072C33C /* Sources */ = {
			isa = PBXSourcesBuildPhase;
			buildActionMask = 2147483647;
			files = (
				8C39134027EEE4E900CADAA9 /* LoginViewController.swift in Sources */,
				8CE0E8F927EEED5900BCD7FD /* CameraViewController.swift in Sources */,
				8C0BF96527EEDB750072C33C /* AppDelegate.swift in Sources */,
				8C39134227EEE50400CADAA9 /* FeedViewController.swift in Sources */,
				8C0BF96727EEDB750072C33C /* SceneDelegate.swift in Sources */,
			);
			runOnlyForDeploymentPostprocessing = 0;
		};
		8C0BF97327EEDB780072C33C /* Sources */ = {
			isa = PBXSourcesBuildPhase;
			buildActionMask = 2147483647;
			files = (
				8C0BF97C27EEDB780072C33C /* Parstagram2Tests.swift in Sources */,
			);
			runOnlyForDeploymentPostprocessing = 0;
		};
		8C0BF97D27EEDB780072C33C /* Sources */ = {
			isa = PBXSourcesBuildPhase;
			buildActionMask = 2147483647;
			files = (
				8C0BF98627EEDB780072C33C /* Parstagram2UITests.swift in Sources */,
				8C0BF98827EEDB780072C33C /* Parstagram2UITestsLaunchTests.swift in Sources */,
			);
			runOnlyForDeploymentPostprocessing = 0;
		};
/* End PBXSourcesBuildPhase section */

/* Begin PBXTargetDependency section */
		8C0BF97927EEDB780072C33C /* PBXTargetDependency */ = {
			isa = PBXTargetDependency;
			target = 8C0BF96027EEDB750072C33C /* Parstagram2 */;
			targetProxy = 8C0BF97827EEDB780072C33C /* PBXContainerItemProxy */;
		};
		8C0BF98327EEDB780072C33C /* PBXTargetDependency */ = {
			isa = PBXTargetDependency;
			target = 8C0BF96027EEDB750072C33C /* Parstagram2 */;
			targetProxy = 8C0BF98227EEDB780072C33C /* PBXContainerItemProxy */;
		};
/* End PBXTargetDependency section */

/* Begin PBXVariantGroup section */
		8C0BF96A27EEDB750072C33C /* Main.storyboard */ = {
			isa = PBXVariantGroup;
			children = (
				8C0BF96B27EEDB750072C33C /* Base */,
			);
			name = Main.storyboard;
			sourceTree = "<group>";
		};
		8C0BF96F27EEDB770072C33C /* LaunchScreen.storyboard */ = {
			isa = PBXVariantGroup;
			children = (
				8C0BF97027EEDB770072C33C /* Base */,
			);
			name = LaunchScreen.storyboard;
			sourceTree = "<group>";
		};
/* End PBXVariantGroup section */

/* Begin XCBuildConfiguration section */
		8C0BF98927EEDB780072C33C /* Debug */ = {
			isa = XCBuildConfiguration;
			buildSettings = {
				ALWAYS_SEARCH_USER_PATHS = NO;
				CLANG_ANALYZER_NONNULL = YES;
				CLANG_ANALYZER_NUMBER_OBJECT_CONVERSION = YES_AGGRESSIVE;
				CLANG_CXX_LANGUAGE_STANDARD = "gnu++17";
				CLANG_ENABLE_MODULES = YES;
				CLANG_ENABLE_OBJC_ARC = YES;
				CLANG_ENABLE_OBJC_WEAK = YES;
				CLANG_WARN_BLOCK_CAPTURE_AUTORELEASING = YES;
				CLANG_WARN_BOOL_CONVERSION = YES;
				CLANG_WARN_COMMA = YES;
				CLANG_WARN_CONSTANT_CONVERSION = YES;
				CLANG_WARN_DEPRECATED_OBJC_IMPLEMENTATIONS = YES;
				CLANG_WARN_DIRECT_OBJC_ISA_USAGE = YES_ERROR;
				CLANG_WARN_DOCUMENTATION_COMMENTS = YES;
				CLANG_WARN_EMPTY_BODY = YES;
				CLANG_WARN_ENUM_CONVERSION = YES;
				CLANG_WARN_INFINITE_RECURSION = YES;
				CLANG_WARN_INT_CONVERSION = YES;
				CLANG_WARN_NON_LITERAL_NULL_CONVERSION = YES;
				CLANG_WARN_OBJC_IMPLICIT_RETAIN_SELF = YES;
				CLANG_WARN_OBJC_LITERAL_CONVERSION = YES;
				CLANG_WARN_OBJC_ROOT_CLASS = YES_ERROR;
				CLANG_WARN_QUOTED_INCLUDE_IN_FRAMEWORK_HEADER = YES;
				CLANG_WARN_RANGE_LOOP_ANALYSIS = YES;
				CLANG_WARN_STRICT_PROTOTYPES = YES;
				CLANG_WARN_SUSPICIOUS_MOVE = YES;
				CLANG_WARN_UNGUARDED_AVAILABILITY = YES_AGGRESSIVE;
				CLANG_WARN_UNREACHABLE_CODE = YES;
				CLANG_WARN__DUPLICATE_METHOD_MATCH = YES;
				COPY_PHASE_STRIP = NO;
				DEBUG_INFORMATION_FORMAT = dwarf;
				ENABLE_STRICT_OBJC_MSGSEND = YES;
				ENABLE_TESTABILITY = YES;
				GCC_C_LANGUAGE_STANDARD = gnu11;
				GCC_DYNAMIC_NO_PIC = NO;
				GCC_NO_COMMON_BLOCKS = YES;
				GCC_OPTIMIZATION_LEVEL = 0;
				GCC_PREPROCESSOR_DEFINITIONS = (
					"DEBUG=1",
					"$(inherited)",
				);
				GCC_WARN_64_TO_32_BIT_CONVERSION = YES;
				GCC_WARN_ABOUT_RETURN_TYPE = YES_ERROR;
				GCC_WARN_UNDECLARED_SELECTOR = YES;
				GCC_WARN_UNINITIALIZED_AUTOS = YES_AGGRESSIVE;
				GCC_WARN_UNUSED_FUNCTION = YES;
				GCC_WARN_UNUSED_VARIABLE = YES;
				IPHONEOS_DEPLOYMENT_TARGET = 15.4;
				MTL_ENABLE_DEBUG_INFO = INCLUDE_SOURCE;
				MTL_FAST_MATH = YES;
				ONLY_ACTIVE_ARCH = YES;
				SDKROOT = iphoneos;
				SWIFT_ACTIVE_COMPILATION_CONDITIONS = DEBUG;
				SWIFT_OPTIMIZATION_LEVEL = "-Onone";
			};
			name = Debug;
		};
		8C0BF98A27EEDB780072C33C /* Release */ = {
			isa = XCBuildConfiguration;
			buildSettings = {
				ALWAYS_SEARCH_USER_PATHS = NO;
				CLANG_ANALYZER_NONNULL = YES;
				CLANG_ANALYZER_NUMBER_OBJECT_CONVERSION = YES_AGGRESSIVE;
				CLANG_CXX_LANGUAGE_STANDARD = "gnu++17";
				CLANG_ENABLE_MODULES = YES;
				CLANG_ENABLE_OBJC_ARC = YES;
				CLANG_ENABLE_OBJC_WEAK = YES;
				CLANG_WARN_BLOCK_CAPTURE_AUTORELEASING = YES;
				CLANG_WARN_BOOL_CONVERSION = YES;
				CLANG_WARN_COMMA = YES;
				CLANG_WARN_CONSTANT_CONVERSION = YES;
				CLANG_WARN_DEPRECATED_OBJC_IMPLEMENTATIONS = YES;
				CLANG_WARN_DIRECT_OBJC_ISA_USAGE = YES_ERROR;
				CLANG_WARN_DOCUMENTATION_COMMENTS = YES;
				CLANG_WARN_EMPTY_BODY = YES;
				CLANG_WARN_ENUM_CONVERSION = YES;
				CLANG_WARN_INFINITE_RECURSION = YES;
				CLANG_WARN_INT_CONVERSION = YES;
				CLANG_WARN_NON_LITERAL_NULL_CONVERSION = YES;
				CLANG_WARN_OBJC_IMPLICIT_RETAIN_SELF = YES;
				CLANG_WARN_OBJC_LITERAL_CONVERSION = YES;
				CLANG_WARN_OBJC_ROOT_CLASS = YES_ERROR;
				CLANG_WARN_QUOTED_INCLUDE_IN_FRAMEWORK_HEADER = YES;
				CLANG_WARN_RANGE_LOOP_ANALYSIS = YES;
				CLANG_WARN_STRICT_PROTOTYPES = YES;
				CLANG_WARN_SUSPICIOUS_MOVE = YES;
				CLANG_WARN_UNGUARDED_AVAILABILITY = YES_AGGRESSIVE;
				CLANG_WARN_UNREACHABLE_CODE = YES;
				CLANG_WARN__DUPLICATE_METHOD_MATCH = YES;
				COPY_PHASE_STRIP = NO;
				DEBUG_INFORMATION_FORMAT = "dwarf-with-dsym";
				ENABLE_NS_ASSERTIONS = NO;
				ENABLE_STRICT_OBJC_MSGSEND = YES;
				GCC_C_LANGUAGE_STANDARD = gnu11;
				GCC_NO_COMMON_BLOCKS = YES;
				GCC_WARN_64_TO_32_BIT_CONVERSION = YES;
				GCC_WARN_ABOUT_RETURN_TYPE = YES_ERROR;
				GCC_WARN_UNDECLARED_SELECTOR = YES;
				GCC_WARN_UNINITIALIZED_AUTOS = YES_AGGRESSIVE;
				GCC_WARN_UNUSED_FUNCTION = YES;
				GCC_WARN_UNUSED_VARIABLE = YES;
				IPHONEOS_DEPLOYMENT_TARGET = 15.4;
				MTL_ENABLE_DEBUG_INFO = NO;
				MTL_FAST_MATH = YES;
				SDKROOT = iphoneos;
				SWIFT_COMPILATION_MODE = wholemodule;
				SWIFT_OPTIMIZATION_LEVEL = "-O";
				VALIDATE_PRODUCT = YES;
			};
			name = Release;
		};
		8C0BF98C27EEDB780072C33C /* Debug */ = {
			isa = XCBuildConfiguration;
			baseConfigurationReference = 535C4E71E125AC7B3C590543 /* Pods-Parstagram2.debug.xcconfig */;
			buildSettings = {
				ASSETCATALOG_COMPILER_APPICON_NAME = AppIcon;
				ASSETCATALOG_COMPILER_GLOBAL_ACCENT_COLOR_NAME = AccentColor;
				CODE_SIGN_STYLE = Automatic;
				CURRENT_PROJECT_VERSION = 1;
				DEVELOPMENT_TEAM = GC6UL8XKJ2;
				GENERATE_INFOPLIST_FILE = YES;
				INFOPLIST_FILE = Parstagram2/Info.plist;
				INFOPLIST_KEY_UIApplicationSupportsIndirectInputEvents = YES;
				INFOPLIST_KEY_UILaunchStoryboardName = LaunchScreen;
				INFOPLIST_KEY_UIMainStoryboardFile = Main;
				INFOPLIST_KEY_UISupportedInterfaceOrientations_iPad = "UIInterfaceOrientationPortrait UIInterfaceOrientationPortraitUpsideDown UIInterfaceOrientationLandscapeLeft UIInterfaceOrientationLandscapeRight";
				INFOPLIST_KEY_UISupportedInterfaceOrientations_iPhone = "UIInterfaceOrientationPortrait UIInterfaceOrientationLandscapeLeft UIInterfaceOrientationLandscapeRight";
				IPHONEOS_DEPLOYMENT_TARGET = 15.2;
				LD_RUNPATH_SEARCH_PATHS = (
					"$(inherited)",
					"@executable_path/Frameworks",
				);
				MARKETING_VERSION = 1.0;
				PRODUCT_BUNDLE_IDENTIFIER = "com.cristian-g2.Parstagram2";
				PRODUCT_NAME = "$(TARGET_NAME)";
				SWIFT_EMIT_LOC_STRINGS = YES;
				SWIFT_VERSION = 5.0;
				TARGETED_DEVICE_FAMILY = "1,2";
			};
			name = Debug;
		};
		8C0BF98D27EEDB780072C33C /* Release */ = {
			isa = XCBuildConfiguration;
			baseConfigurationReference = 3FE51C42BBD68B3CEA17C8E9 /* Pods-Parstagram2.release.xcconfig */;
			buildSettings = {
				ASSETCATALOG_COMPILER_APPICON_NAME = AppIcon;
				ASSETCATALOG_COMPILER_GLOBAL_ACCENT_COLOR_NAME = AccentColor;
				CODE_SIGN_STYLE = Automatic;
				CURRENT_PROJECT_VERSION = 1;
				DEVELOPMENT_TEAM = GC6UL8XKJ2;
				GENERATE_INFOPLIST_FILE = YES;
				INFOPLIST_FILE = Parstagram2/Info.plist;
				INFOPLIST_KEY_UIApplicationSupportsIndirectInputEvents = YES;
				INFOPLIST_KEY_UILaunchStoryboardName = LaunchScreen;
				INFOPLIST_KEY_UIMainStoryboardFile = Main;
				INFOPLIST_KEY_UISupportedInterfaceOrientations_iPad = "UIInterfaceOrientationPortrait UIInterfaceOrientationPortraitUpsideDown UIInterfaceOrientationLandscapeLeft UIInterfaceOrientationLandscapeRight";
				INFOPLIST_KEY_UISupportedInterfaceOrientations_iPhone = "UIInterfaceOrientationPortrait UIInterfaceOrientationLandscapeLeft UIInterfaceOrientationLandscapeRight";
				IPHONEOS_DEPLOYMENT_TARGET = 15.2;
				LD_RUNPATH_SEARCH_PATHS = (
					"$(inherited)",
					"@executable_path/Frameworks",
				);
				MARKETING_VERSION = 1.0;
				PRODUCT_BUNDLE_IDENTIFIER = "com.cristian-g2.Parstagram2";
				PRODUCT_NAME = "$(TARGET_NAME)";
				SWIFT_EMIT_LOC_STRINGS = YES;
				SWIFT_VERSION = 5.0;
				TARGETED_DEVICE_FAMILY = "1,2";
			};
			name = Release;
		};
		8C0BF98F27EEDB780072C33C /* Debug */ = {
			isa = XCBuildConfiguration;
			baseConfigurationReference = F3DDD599A7C2BB39D9FA213F /* Pods-Parstagram2Tests.debug.xcconfig */;
			buildSettings = {
				ALWAYS_EMBED_SWIFT_STANDARD_LIBRARIES = YES;
				BUNDLE_LOADER = "$(TEST_HOST)";
				CODE_SIGN_STYLE = Automatic;
				CURRENT_PROJECT_VERSION = 1;
				DEVELOPMENT_TEAM = GC6UL8XKJ2;
				GENERATE_INFOPLIST_FILE = YES;
				IPHONEOS_DEPLOYMENT_TARGET = 15.4;
				MARKETING_VERSION = 1.0;
				PRODUCT_BUNDLE_IDENTIFIER = "com.cristian-g2.Parstagram2Tests";
				PRODUCT_NAME = "$(TARGET_NAME)";
				SWIFT_EMIT_LOC_STRINGS = NO;
				SWIFT_VERSION = 5.0;
				TARGETED_DEVICE_FAMILY = "1,2";
				TEST_HOST = "$(BUILT_PRODUCTS_DIR)/Parstagram2.app/Parstagram2";
			};
			name = Debug;
		};
		8C0BF99027EEDB780072C33C /* Release */ = {
			isa = XCBuildConfiguration;
			baseConfigurationReference = A4E5DD74B195D1A5A6D2AB92 /* Pods-Parstagram2Tests.release.xcconfig */;
			buildSettings = {
				ALWAYS_EMBED_SWIFT_STANDARD_LIBRARIES = YES;
				BUNDLE_LOADER = "$(TEST_HOST)";
				CODE_SIGN_STYLE = Automatic;
				CURRENT_PROJECT_VERSION = 1;
				DEVELOPMENT_TEAM = GC6UL8XKJ2;
				GENERATE_INFOPLIST_FILE = YES;
				IPHONEOS_DEPLOYMENT_TARGET = 15.4;
				MARKETING_VERSION = 1.0;
				PRODUCT_BUNDLE_IDENTIFIER = "com.cristian-g2.Parstagram2Tests";
				PRODUCT_NAME = "$(TARGET_NAME)";
				SWIFT_EMIT_LOC_STRINGS = NO;
				SWIFT_VERSION = 5.0;
				TARGETED_DEVICE_FAMILY = "1,2";
				TEST_HOST = "$(BUILT_PRODUCTS_DIR)/Parstagram2.app/Parstagram2";
			};
			name = Release;
		};
		8C0BF99227EEDB780072C33C /* Debug */ = {
			isa = XCBuildConfiguration;
			baseConfigurationReference = DBDA3442809AF69CA6EC3BD7 /* Pods-Parstagram2-Parstagram2UITests.debug.xcconfig */;
			buildSettings = {
				ALWAYS_EMBED_SWIFT_STANDARD_LIBRARIES = YES;
				CODE_SIGN_STYLE = Automatic;
				CURRENT_PROJECT_VERSION = 1;
				DEVELOPMENT_TEAM = GC6UL8XKJ2;
				GENERATE_INFOPLIST_FILE = YES;
				MARKETING_VERSION = 1.0;
				PRODUCT_BUNDLE_IDENTIFIER = "com.cristian-g2.Parstagram2UITests";
				PRODUCT_NAME = "$(TARGET_NAME)";
				SWIFT_EMIT_LOC_STRINGS = NO;
				SWIFT_VERSION = 5.0;
				TARGETED_DEVICE_FAMILY = "1,2";
				TEST_TARGET_NAME = Parstagram2;
			};
			name = Debug;
		};
		8C0BF99327EEDB780072C33C /* Release */ = {
			isa = XCBuildConfiguration;
			baseConfigurationReference = 620DF4E08D616263A84AEF82 /* Pods-Parstagram2-Parstagram2UITests.release.xcconfig */;
			buildSettings = {
				ALWAYS_EMBED_SWIFT_STANDARD_LIBRARIES = YES;
				CODE_SIGN_STYLE = Automatic;
				CURRENT_PROJECT_VERSION = 1;
				DEVELOPMENT_TEAM = GC6UL8XKJ2;
				GENERATE_INFOPLIST_FILE = YES;
				MARKETING_VERSION = 1.0;
				PRODUCT_BUNDLE_IDENTIFIER = "com.cristian-g2.Parstagram2UITests";
				PRODUCT_NAME = "$(TARGET_NAME)";
				SWIFT_EMIT_LOC_STRINGS = NO;
				SWIFT_VERSION = 5.0;
				TARGETED_DEVICE_FAMILY = "1,2";
				TEST_TARGET_NAME = Parstagram2;
			};
			name = Release;
		};
/* End XCBuildConfiguration section */

/* Begin XCConfigurationList section */
		8C0BF95C27EEDB750072C33C /* Build configuration list for PBXProject "Parstagram2" */ = {
			isa = XCConfigurationList;
			buildConfigurations = (
				8C0BF98927EEDB780072C33C /* Debug */,
				8C0BF98A27EEDB780072C33C /* Release */,
			);
			defaultConfigurationIsVisible = 0;
			defaultConfigurationName = Release;
		};
		8C0BF98B27EEDB780072C33C /* Build configuration list for PBXNativeTarget "Parstagram2" */ = {
			isa = XCConfigurationList;
			buildConfigurations = (
				8C0BF98C27EEDB780072C33C /* Debug */,
				8C0BF98D27EEDB780072C33C /* Release */,
			);
			defaultConfigurationIsVisible = 0;
			defaultConfigurationName = Release;
		};
		8C0BF98E27EEDB780072C33C /* Build configuration list for PBXNativeTarget "Parstagram2Tests" */ = {
			isa = XCConfigurationList;
			buildConfigurations = (
				8C0BF98F27EEDB780072C33C /* Debug */,
				8C0BF99027EEDB780072C33C /* Release */,
			);
			defaultConfigurationIsVisible = 0;
			defaultConfigurationName = Release;
		};
		8C0BF99127EEDB780072C33C /* Build configuration list for PBXNativeTarget "Parstagram2UITests" */ = {
			isa = XCConfigurationList;
			buildConfigurations = (
				8C0BF99227EEDB780072C33C /* Debug */,
				8C0BF99327EEDB780072C33C /* Release */,
			);
			defaultConfigurationIsVisible = 0;
			defaultConfigurationName = Release;
		};
/* End XCConfigurationList section */
	};
	rootObject = 8C0BF95927EEDB750072C33C /* Project object */;
}
